
Microsoft Visual Studio Solution File, Format Version 12.00
# Visual Studio 15
VisualStudioVersion = 15.0.26228.9
MinimumVisualStudioVersion = 10.0.40219.1
Project("{FAE04EC0-301F-11D3-BF4B-00C04F79EFBC}") = "TestApplication", "TestApplication\TestApplication\TestApplication.csproj", "{901EE252-719E-410E-888C-67BC399566BF}"
EndProject
Project("{FAE04EC0-301F-11D3-BF4B-00C04F79EFBC}") = "TestApplication.TizenMobile", "TestApplication\TestApplication.TizenMobile\TestApplication.TizenMobile.csproj", "{9C0B652F-B7EC-47E8-B1A3-4A1F566DA139}"
EndProject
Global
	GlobalSection(SolutionConfigurationPlatforms) = preSolution
		Debug|Any CPU = Debug|Any CPU
		Release|Any CPU = Release|Any CPU
	EndGlobalSection
	GlobalSection(ProjectConfigurationPlatforms) = postSolution
		{901EE252-719E-410E-888C-67BC399566BF}.Debug|Any CPU.ActiveCfg = Debug|Any CPU
		{901EE252-719E-410E-888C-67BC399566BF}.Debug|Any CPU.Build.0 = Debug|Any CPU
		{901EE252-719E-410E-888C-67BC399566BF}.Release|Any CPU.ActiveCfg = Release|Any CPU
		{901EE252-719E-410E-888C-67BC399566BF}.Release|Any CPU.Build.0 = Release|Any CPU
		{9C0B652F-B7EC-47E8-B1A3-4A1F566DA139}.Debug|Any CPU.ActiveCfg = Debug|Any CPU
		{9C0B652F-B7EC-47E8-B1A3-4A1F566DA139}.Debug|Any CPU.Build.0 = Debug|Any CPU
		{9C0B652F-B7EC-47E8-B1A3-4A1F566DA139}.Release|Any CPU.ActiveCfg = Release|Any CPU
		{9C0B652F-B7EC-47E8-B1A3-4A1F566DA139}.Release|Any CPU.Build.0 = Release|Any CPU
	EndGlobalSection
	GlobalSection(SolutionProperties) = preSolution
		HideSolutionNode = FALSE
	EndGlobalSection
EndGlobal
